// !$*UTF8*$!
{
	archiveVersion = 1;
	classes = {
	};
	objectVersion = 48;
	objects = {

/* Begin PBXBuildFile section */
		DFF037E31F6915C400BD6896 /* AppDelegate.swift in Sources */ = {isa = PBXBuildFile; fileRef = DFF037E21F6915C400BD6896 /* AppDelegate.swift */; };
		DFF037E51F6915C400BD6896 /* ViewController.swift in Sources */ = {isa = PBXBuildFile; fileRef = DFF037E41F6915C400BD6896 /* ViewController.swift */; };
		DFF037E81F6915C400BD6896 /* Main.storyboard in Resources */ = {isa = PBXBuildFile; fileRef = DFF037E61F6915C400BD6896 /* Main.storyboard */; };
		DFF037EA1F6915C400BD6896 /* Assets.xcassets in Resources */ = {isa = PBXBuildFile; fileRef = DFF037E91F6915C400BD6896 /* Assets.xcassets */; };
		DFF037ED1F6915C400BD6896 /* LaunchScreen.storyboard in Resources */ = {isa = PBXBuildFile; fileRef = DFF037EB1F6915C400BD6896 /* LaunchScreen.storyboard */; };
/* End PBXBuildFile section */

/* Begin PBXFileReference section */
		DFF037DF1F6915C400BD6896 /* wifitransformclientswift.app */ = {isa = PBXFileReference; explicitFileType = wrapper.application; includeInIndex = 0; path = wifitransformclientswift.app; sourceTree = BUILT_PRODUCTS_DIR; };
		DFF037E21F6915C400BD6896 /* AppDelegate.swift */ = {isa = PBXFileReference; lastKnownFileType = sourcecode.swift; path = AppDelegate.swift; sourceTree = "<group>"; };
		DFF037E41F6915C400BD6896 /* ViewController.swift */ = {isa = PBXFileReference; lastKnownFileType = sourcecode.swift; path = ViewController.swift; sourceTree = "<group>"; };
		DFF037E71F6915C400BD6896 /* Base */ = {isa = PBXFileReference; lastKnownFileType = file.storyboard; name = Base; path = Base.lproj/Main.storyboard; sourceTree = "<group>"; };
		DFF037E91F6915C400BD6896 /* Assets.xcassets */ = {isa = PBXFileReference; lastKnownFileType = folder.assetcatalog; path = Assets.xcassets; sourceTree = "<group>"; };
		DFF037EC1F6915C400BD6896 /* Base */ = {isa = PBXFileReference; lastKnownFileType = file.storyboard; name = Base; path = Base.lproj/LaunchScreen.storyboard; sourceTree = "<group>"; };
		DFF037EE1F6915C400BD6896 /* Info.plist */ = {isa = PBXFileReference; lastKnownFileType = text.plist.xml; path = Info.plist; sourceTree = "<group>"; };
/* End PBXFileReference section */

/* Begin PBXFrameworksBuildPhase section */
		DFF037DC1F6915C400BD6896 /* Frameworks */ = {
			isa = PBXFrameworksBuildPhase;
			buildActionMask = 2147483647;
			files = (
			);
			runOnlyForDeploymentPostprocessing = 0;
		};
/* End PBXFrameworksBuildPhase section */

/* Begin PBXGroup section */
		DFF037D61F6915C400BD6896 = {
			isa = PBXGroup;
			children = (
				DFF037E11F6915C400BD6896 /* wifitransformclientswift */,
				DFF037E01F6915C400BD6896 /* Products */,
			);
			sourceTree = "<group>";
		};
		DFF037E01F6915C400BD6896 /* Products */ = {
			isa = PBXGroup;
			children = (
				DFF037DF1F6915C400BD6896 /* wifitransformclientswift.app */,
			);
			name = Products;
			sourceTree = "<group>";
		};
		DFF037E11F6915C400BD6896 /* wifitransformclientswift */ = {
			isa = PBXGroup;
			children = (
				DFF037E21F6915C400BD6896 /* AppDelegate.swift */,
				DFF037E41F6915C400BD6896 /* ViewController.swift */,
				DFF037E61F6915C400BD6896 /* Main.storyboard */,
				DFF037E91F6915C400BD6896 /* Assets.xcassets */,
				DFF037EB1F6915C400BD6896 /* LaunchScreen.storyboard */,
				DFF037EE1F6915C400BD6896 /* Info.plist */,
			);
			path = wifitransformclientswift;
			sourceTree = "<group>";
		};
/* End PBXGroup section */

/* Begin PBXNativeTarget section */
		DFF037DE1F6915C400BD6896 /* wifitransformclientswift */ = {
			isa = PBXNativeTarget;
			buildConfigurationList = DFF037F11F6915C400BD6896 /* Build configuration list for PBXNativeTarget "wifitransformclientswift" */;
			buildPhases = (
				DFF037DB1F6915C400BD6896 /* Sources */,
				DFF037DC1F6915C400BD6896 /* Frameworks */,
				DFF037DD1F6915C400BD6896 /* Resources */,
			);
			buildRules = (
			);
			dependencies = (
			);
			name = wifitransformclientswift;
			productName = wifitransformclientswift;
			productReference = DFF037DF1F6915C400BD6896 /* wifitransformclientswift.app */;
			productType = "com.apple.product-type.application";
		};
/* End PBXNativeTarget section */

/* Begin PBXProject section */
		DFF037D71F6915C400BD6896 /* Project object */ = {
			isa = PBXProject;
			attributes = {
				LastSwiftUpdateCheck = 0900;
				LastUpgradeCheck = 0900;
				ORGANIZATIONNAME = PaiConorMAPZONE;
				TargetAttributes = {
					DFF037DE1F6915C400BD6896 = {
						CreatedOnToolsVersion = 9.0;
						ProvisioningStyle = Automatic;
					};
				};
			};
			buildConfigurationList = DFF037DA1F6915C400BD6896 /* Build configuration list for PBXProject "wifitransformclientswift" */;
			compatibilityVersion = "Xcode 8.0";
			developmentRegion = en;
			hasScannedForEncodings = 0;
			knownRegions = (
				en,
				Base,
			);
			mainGroup = DFF037D61F6915C400BD6896;
			productRefGroup = DFF037E01F6915C400BD6896 /* Products */;
			projectDirPath = "";
			projectRoot = "";
			targets = (
				DFF037DE1F6915C400BD6896 /* wifitransformclientswift */,
			);
		};
/* End PBXProject section */

/* Begin PBXResourcesBuildPhase section */
		DFF037DD1F6915C400BD6896 /* Resources */ = {
			isa = PBXResourcesBuildPhase;
			buildActionMask = 2147483647;
			files = (
				DFF037ED1F6915C400BD6896 /* LaunchScreen.storyboard in Resources */,
				DFF037EA1F6915C400BD6896 /* Assets.xcassets in Resources */,
				DFF037E81F6915C400BD6896 /* Main.storyboard in Resources */,
			);
			runOnlyForDeploymentPostprocessing = 0;
		};
/* End PBXResourcesBuildPhase section */

/* Begin PBXSourcesBuildPhase section */
		DFF037DB1F6915C400BD6896 /* Sources */ = {
			isa = PBXSourcesBuildPhase;
			buildActionMask = 2147483647;
			files = (
				DFF037E51F6915C400BD6896 /* ViewController.swift in Sources */,
				DFF037E31F6915C400BD6896 /* AppDelegate.swift in Sources */,
			);
			runOnlyForDeploymentPostprocessing = 0;
		};
/* End PBXSourcesBuildPhase section */

/* Begin PBXVariantGroup section */
		DFF037E61F6915C400BD6896 /* Main.storyboard */ = {
			isa = PBXVariantGroup;
			children = (
				DFF037E71F6915C400BD6896 /* Base */,
			);
			name = Main.storyboard;
			sourceTree = "<group>";
		};
		DFF037EB1F6915C400BD6896 /* LaunchScreen.storyboard */ = {
			isa = PBXVariantGroup;
			children = (
				DFF037EC1F6915C400BD6896 /* Base */,
			);
			name = LaunchScreen.storyboard;
			sourceTree = "<group>";
		};
/* End PBXVariantGroup section */

/* Begin XCBuildConfiguration section */
		DFF037EF1F6915C400BD6896 /* Debug */ = {
			isa = XCBuildConfiguration;
			buildSettings = {
				ALWAYS_SEARCH_USER_PATHS = NO;
				CLANG_ANALYZER_NONNULL = YES;
				CLANG_ANALYZER_NUMBER_OBJECT_CONVERSION = YES_AGGRESSIVE;
				CLANG_CXX_LANGUAGE_STANDARD = "gnu++14";
				CLANG_CXX_LIBRARY = "libc++";
				CLANG_ENABLE_MODULES = YES;
				CLANG_ENABLE_OBJC_ARC = YES;
				CLANG_WARN_BLOCK_CAPTURE_AUTORELEASING = YES;
				CLANG_WARN_BOOL_CONVERSION = YES;
				CLANG_WARN_COMMA = YES;
				CLANG_WARN_CONSTANT_CONVERSION = YES;
				CLANG_WARN_DIRECT_OBJC_ISA_USAGE = YES_ERROR;
				CLANG_WARN_DOCUMENTATION_COMMENTS = YES;
				CLANG_WARN_EMPTY_BODY = YES;
				CLANG_WARN_ENUM_CONVERSION = YES;
				CLANG_WARN_INFINITE_RECURSION = YES;
				CLANG_WARN_INT_CONVERSION = YES;
				CLANG_WARN_NON_LITERAL_NULL_CONVERSION = YES;
				CLANG_WARN_OBJC_LITERAL_CONVERSION = YES;
				CLANG_WARN_OBJC_ROOT_CLASS = YES_ERROR;
				CLANG_WARN_RANGE_LOOP_ANALYSIS = YES;
				CLANG_WARN_STRICT_PROTOTYPES = YES;
				CLANG_WARN_SUSPICIOUS_MOVE = YES;
				CLANG_WARN_UNGUARDED_AVAILABILITY = YES_AGGRESSIVE;
				CLANG_WARN_UNREACHABLE_CODE = YES;
				CLANG_WARN__DUPLICATE_METHOD_MATCH = YES;
				CODE_SIGN_IDENTITY = "iPhone Developer";
				COPY_PHASE_STRIP = NO;
				DEBUG_INFORMATION_FORMAT = dwarf;
				ENABLE_STRICT_OBJC_MSGSEND = YES;
				ENABLE_TESTABILITY = YES;
				GCC_C_LANGUAGE_STANDARD = gnu11;
				GCC_DYNAMIC_NO_PIC = NO;
				GCC_NO_COMMON_BLOCKS = YES;
				GCC_OPTIMIZATION_LEVEL = 0;
				GCC_PREPROCESSOR_DEFINITIONS = (
					"DEBUG=1",
					"$(inherited)",
				);
				GCC_WARN_64_TO_32_BIT_CONVERSION = YES;
				GCC_WARN_ABOUT_RETURN_TYPE = YES_ERROR;
				GCC_WARN_UNDECLARED_SELECTOR = YES;
				GCC_WARN_UNINITIALIZED_AUTOS = YES_AGGRESSIVE;
				GCC_WARN_UNUSED_FUNCTION = YES;
				GCC_WARN_UNUSED_VARIABLE = YES;
				IPHONEOS_DEPLOYMENT_TARGET = 11.0;
				MTL_ENABLE_DEBUG_INFO = YES;
				ONLY_ACTIVE_ARCH = YES;
				SDKROOT = iphoneos;
				SWIFT_ACTIVE_COMPILATION_CONDITIONS = DEBUG;
				SWIFT_OPTIMIZATION_LEVEL = "-Onone";
			};
			name = Debug;
		};
		DFF037F01F6915C400BD6896 /* Release */ = {
			isa = XCBuildConfiguration;
			buildSettings = {
				ALWAYS_SEARCH_USER_PATHS = NO;
				CLANG_ANALYZER_NONNULL = YES;
				CLANG_ANALYZER_NUMBER_OBJECT_CONVERSION = YES_AGGRESSIVE;
				CLANG_CXX_LANGUAGE_STANDARD = "gnu++14";
				CLANG_CXX_LIBRARY = "libc++";
				CLANG_ENABLE_MODULES = YES;
				CLANG_ENABLE_OBJC_ARC = YES;
				CLANG_WARN_BLOCK_CAPTURE_AUTORELEASING = YES;
				CLANG_WARN_BOOL_CONVERSION = YES;
				CLANG_WARN_COMMA = YES;
				CLANG_WARN_CONSTANT_CONVERSION = YES;
				CLANG_WARN_DIRECT_OBJC_ISA_USAGE = YES_ERROR;
				CLANG_WARN_DOCUMENTATION_COMMENTS = YES;
				CLANG_WARN_EMPTY_BODY = YES;
				CLANG_WARN_ENUM_CONVERSION = YES;
				CLANG_WARN_INFINITE_RECURSION = YES;
				CLANG_WARN_INT_CONVERSION = YES;
				CLANG_WARN_NON_LITERAL_NULL_CONVERSION = YES;
				CLANG_WARN_OBJC_LITERAL_CONVERSION = YES;
				CLANG_WARN_OBJC_ROOT_CLASS = YES_ERROR;
				CLANG_WARN_RANGE_LOOP_ANALYSIS = YES;
				CLANG_WARN_STRICT_PROTOTYPES = YES;
				CLANG_WARN_SUSPICIOUS_MOVE = YES;
				CLANG_WARN_UNGUARDED_AVAILABILITY = YES_AGGRESSIVE;
				CLANG_WARN_UNREACHABLE_CODE = YES;
				CLANG_WARN__DUPLICATE_METHOD_MATCH = YES;
				CODE_SIGN_IDENTITY = "iPhone Developer";
				COPY_PHASE_STRIP = NO;
				DEBUG_INFORMATION_FORMAT = "dwarf-with-dsym";
				ENABLE_NS_ASSERTIONS = NO;
				ENABLE_STRICT_OBJC_MSGSEND = YES;
				GCC_C_LANGUAGE_STANDARD = gnu11;
				GCC_NO_COMMON_BLOCKS = YES;
				GCC_WARN_64_TO_32_BIT_CONVERSION = YES;
				GCC_WARN_ABOUT_RETURN_TYPE = YES_ERROR;
				GCC_WARN_UNDECLARED_SELECTOR = YES;
				GCC_WARN_UNINITIALIZED_AUTOS = YES_AGGRESSIVE;
				GCC_WARN_UNUSED_FUNCTION = YES;
				GCC_WARN_UNUSED_VARIABLE = YES;
				IPHONEOS_DEPLOYMENT_TARGET = 11.0;
				MTL_ENABLE_DEBUG_INFO = NO;
				SDKROOT = iphoneos;
				SWIFT_OPTIMIZATION_LEVEL = "-Owholemodule";
				VALIDATE_PRODUCT = YES;
			};
			name = Release;
		};
		DFF037F21F6915C400BD6896 /* Debug */ = {
			isa = XCBuildConfiguration;
			buildSettings = {
				ASSETCATALOG_COMPILER_APPICON_NAME = AppIcon;
				CODE_SIGN_STYLE = Automatic;
				DEVELOPMENT_TEAM = 4A7VWQEHJP;
				INFOPLIST_FILE = wifitransformclientswift/Info.plist;
				LD_RUNPATH_SEARCH_PATHS = "$(inherited) @executable_path/Frameworks";
				PRODUCT_BUNDLE_IDENTIFIER = dlwycom.mapzone.wifitransformclientswift;
				PRODUCT_NAME = "$(TARGET_NAME)";
				SWIFT_VERSION = 4.0;
				TARGETED_DEVICE_FAMILY = "1,2";
			};
			name = Debug;
		};
		DFF037F31F6915C400BD6896 /* Release */ = {
			isa = XCBuildConfiguration;
			buildSettings = {
				ASSETCATALOG_COMPILER_APPICON_NAME = AppIcon;
				CODE_SIGN_STYLE = Automatic;
				DEVELOPMENT_TEAM = 4A7VWQEHJP;
				INFOPLIST_FILE = wifitransformclientswift/Info.plist;
				LD_RUNPATH_SEARCH_PATHS = "$(inherited) @executable_path/Frameworks";
				PRODUCT_BUNDLE_IDENTIFIER = dlwycom.mapzone.wifitransformclientswift;
				PRODUCT_NAME = "$(TARGET_NAME)";
				SWIFT_VERSION = 4.0;
				TARGETED_DEVICE_FAMILY = "1,2";
			};
			name = Release;
		};
/* End XCBuildConfiguration section */

/* Begin XCConfigurationList section */
		DFF037DA1F6915C400BD6896 /* Build configuration list for PBXProject "wifitransformclientswift" */ = {
			isa = XCConfigurationList;
			buildConfigurations = (
				DFF037EF1F6915C400BD6896 /* Debug */,
				DFF037F01F6915C400BD6896 /* Release */,
			);
			defaultConfigurationIsVisible = 0;
			defaultConfigurationName = Release;
		};
		DFF037F11F6915C400BD6896 /* Build configuration list for PBXNativeTarget "wifitransformclientswift" */ = {
			isa = XCConfigurationList;
			buildConfigurations = (
				DFF037F21F6915C400BD6896 /* Debug */,
				DFF037F31F6915C400BD6896 /* Release */,
			);
			defaultConfigurationIsVisible = 0;
			defaultConfigurationName = Release;
		};
/* End XCConfigurationList section */
	};
	rootObject = DFF037D71F6915C400BD6896 /* Project object */;
}
